
Microsoft Visual Studio Solution File, Format Version 12.00
# Visual Studio Version 17
VisualStudioVersion = 17.0.31903.59
MinimumVisualStudioVersion = 10.0.40219.1
Project("{9A19103F-16F7-4668-BE54-9A1E7A4F7556}") = "hello-apprunner", "hello-apprunner.csproj", "{EEF968B4-3D17-47E6-94EA-FE6DA34A75EE}"
EndProject
Global
	GlobalSection(SolutionConfigurationPlatforms) = preSolution
		Debug|Any CPU = Debug|Any CPU
		Release|Any CPU = Release|Any CPU
	EndGlobalSection
	GlobalSection(ProjectConfigurationPlatforms) = postSolution
		{EEF968B4-3D17-47E6-94EA-FE6DA34A75EE}.Debug|Any CPU.ActiveCfg = Debug|Any CPU
		{EEF968B4-3D17-47E6-94EA-FE6DA34A75EE}.Debug|Any CPU.Build.0 = Debug|Any CPU
		{EEF968B4-3D17-47E6-94EA-FE6DA34A75EE}.Release|Any CPU.ActiveCfg = Release|Any CPU
		{EEF968B4-3D17-47E6-94EA-FE6DA34A75EE}.Release|Any CPU.Build.0 = Release|Any CPU
	EndGlobalSection
	GlobalSection(SolutionProperties) = preSolution
		HideSolutionNode = FALSE
	EndGlobalSection
	GlobalSection(ExtensibilityGlobals) = postSolution
		SolutionGuid = {1640B432-170D-46F4-9779-B5E95B41BFA2}
	EndGlobalSection
EndGlobal
